{
  "name": "@lionweb/utilities",
  "version": "0.1.0-beta.0",
  "lockfileVersion": 3,
  "requires": true,
  "packages": {
    "": {
      "name": "@lionweb/utilities",
      "version": "0.1.0-beta.0",
      "license": "MIT",
      "dependencies": {
        "@lionweb/core": "0.5.0-beta.0",
        "littoral-templates": "^0.2.2",
        "nanoid": "^4.0.2"
      },
      "devDependencies": {
        "@types/node": "^20.6.0",
        "typescript": "^5.2.2"
      }
    },
    "../..": {
      "version": "0.5.0",
      "license": "MIT",
      "devDependencies": {
        "@typescript-eslint/eslint-plugin": "^6.7.0",
        "@typescript-eslint/parser": "^6.7.0"
      }
    },
    "../core": {
      "name": "@lionweb/core",
      "version": "0.5.0-beta.0",
      "license": "MIT",
      "devDependencies": {
        "typescript": "^5.2.2"
      }
    },
    "node_modules/@lionweb/core": {
      "resolved": "../core",
      "link": true
    },
    "node_modules/@types/node": {
      "version": "20.6.3",
      "resolved": "https://registry.npmjs.org/@types/node/-/node-20.6.3.tgz",
      "integrity": "sha512-HksnYH4Ljr4VQgEy2lTStbCKv/P590tmPe5HqOnv9Gprffgv5WXAY+Y5Gqniu0GGqeTCUdBnzC3QSrzPkBkAMA==",
      "dev": true
    },
    "node_modules/littoral-templates": {
      "version": "0.2.2",
      "resolved": "https://registry.npmjs.org/littoral-templates/-/littoral-templates-0.2.2.tgz",
      "integrity": "sha512-zap1WAedVwSaQh8Ak1al3BBByvR1XmZ5QSQrpVq5XKvMw113ng36SlYX3KRRChaccDCbLM5BugDu7DNaUuBgtg=="
    },
    "node_modules/nanoid": {
      "version": "4.0.2",
      "resolved": "https://registry.npmjs.org/nanoid/-/nanoid-4.0.2.tgz",
      "integrity": "sha512-7ZtY5KTCNheRGfEFxnedV5zFiORN1+Y1N6zvPTnHQd8ENUvfaDBeuJDZb2bN/oXwXxu3qkTXDzy57W5vAmDTBw==",
      "funding": [
        {
          "type": "github",
          "url": "https://github.com/sponsors/ai"
        }
      ],
      "bin": {
        "nanoid": "bin/nanoid.js"
      },
      "engines": {
        "node": "^14 || ^16 || >=18"
      }
    },
    "node_modules/typescript": {
      "version": "5.2.2",
      "resolved": "https://registry.npmjs.org/typescript/-/typescript-5.2.2.tgz",
      "integrity": "sha512-mI4WrpHsbCIcwT9cF4FZvr80QUeKvsUsUvKDoR+X/7XHQH98xYD8YHZg7ANtz2GtZt/CBq2QJ0thkGJMHfqc1w==",
      "dev": true,
      "bin": {
        "tsc": "bin/tsc",
        "tsserver": "bin/tsserver"
      },
      "engines": {
        "node": ">=14.17"
      }
    }
  }
}
