{
  "version": "2",
  "remote": {
    "https://deno.land/std@0.168.0/_util/asserts.ts": "d0844e9b62510f89ce1f9878b046f6a57bf88f208a10304aab50efcb48365272",
    "https://deno.land/std@0.168.0/_util/os.ts": "8a33345f74990e627b9dfe2de9b040004b08ea5146c7c9e8fe9a29070d193934",
    "https://deno.land/std@0.168.0/bytes/index_of_needle.ts": "19db73583cf6e038ca7763dd9fe9b9f2733ffa8be530d7b42f52bc9f3c2ee989",
    "https://deno.land/std@0.168.0/crypto/_wasm/lib/deno_std_wasm_crypto.generated.mjs": "71c1ac20f32fdbdc9b31a14917779c7fa392dbc8b050059cbb2c35b400b975b1",
    "https://deno.land/std@0.168.0/crypto/_wasm/mod.ts": "b49ec171049bbbaaed3c5a5a71dfcb3d09f880607c8d9c517638d0443bd0f874",
    "https://deno.land/std@0.168.0/encoding/base64.ts": "8605e018e49211efc767686f6f687827d7f5fd5217163e981d8d693105640d7a",
    "https://deno.land/std@0.168.0/encoding/base64url.ts": "0283b12fcd306c11e3cf26fc022fecc800c6acc19704ea8bdb3908898fcd06d6",
    "https://deno.land/std@0.168.0/encoding/hex.ts": "b51e99b684486a3ad2406807a8be953f5ef8bac95af202774a759f9fcf0d87a6",
    "https://deno.land/std@0.168.0/fmt/colors.ts": "03ad95e543d2808bc43c17a3dd29d25b43d0f16287fe562a0be89bf632454a12",
    "https://deno.land/std@0.168.0/node/_core.ts": "92e000441742387f7ded7cc582ca4089c0bc13aa5f00cecdfa4876dc832dfd10",
    "https://deno.land/std@0.168.0/node/_events.d.ts": "3899ee9c37055fbb750e32cb43d7c435077c04446af948300080e1a590c6edf0",
    "https://deno.land/std@0.168.0/node/_events.mjs": "303e8aa60ace559e4ca0d19e8475f87311bee9e8330b4b497644d70f2002fc27",
    "https://deno.land/std@0.168.0/node/_global.d.ts": "6dadaf8cec2a0c506b22170617286e0bdc80be53dd0673e67fc7dd37a1130c68",
    "https://deno.land/std@0.168.0/node/_next_tick.ts": "81c1826675493b76f90c646fb1274a4c84b5cc913a80ca4526c32cd7c46a0b06",
    "https://deno.land/std@0.168.0/node/_process/exiting.ts": "bc9694769139ffc596f962087155a8bfef10101d03423b9dcbc51ce6e1f88fce",
    "https://deno.land/std@0.168.0/node/_process/process.ts": "d5bf113a4b62f4abe4cb7ec5a9d00d44dac0ad9e82a23d00cc27d71e05ae8b66",
    "https://deno.land/std@0.168.0/node/_process/stdio.mjs": "971c3b086040d8521562155db13f22f9971d5c42c852b2081d4d2f0d8b6ab6bd",
    "https://deno.land/std@0.168.0/node/_stream.d.ts": "83e9da2f81de3205926f1e86ba54442aa5a3caf4c5e84a4c8699402ad340142b",
    "https://deno.land/std@0.168.0/node/_stream.mjs": "9a80217d9734f6e4284aae0ea55dd82b243f5517bc1814e983ad41b01732f712",
    "https://deno.land/std@0.168.0/node/_utils.ts": "1085a229e910b3a6672f3c3be05507591811dc67be2ae2188e9fc9ef4376b172",
    "https://deno.land/std@0.168.0/node/buffer.ts": "43f07b2d1523345bf35b7deb7fcdad6e916020a631a7bc1b5efcaff556db4e1d",
    "https://deno.land/std@0.168.0/node/events.ts": "f848398d3591534ca94ac6b852a9f3c4dbb2da310c3a26059cf4ff06b7eae088",
    "https://deno.land/std@0.168.0/node/internal/buffer.d.ts": "90f674081428a61978b6d481c5f557ff743a3f4a85d7ae113caab48fdf5b8a63",
    "https://deno.land/std@0.168.0/node/internal/buffer.mjs": "50320a6bcf770f03428e77e5ba46b19f69842539c6493b89c6515ba1b0def6ee",
    "https://deno.land/std@0.168.0/node/internal/crypto/_keys.ts": "63229ff3d8d15b5bd0a1d2ebc19313cbb8ac969875bf16df1ce4f2b497d74fb5",
    "https://deno.land/std@0.168.0/node/internal/crypto/constants.ts": "d2c8821977aef55e4d66414d623c24a2447791a8b49b6404b8db32d81e20c315",
    "https://deno.land/std@0.168.0/node/internal/crypto/hash.ts": "80bae847bf409dc0f7e0bb1645b776956d70a5b26c2daf7eba4e629a4aebfde3",
    "https://deno.land/std@0.168.0/node/internal/crypto/keys.ts": "e3cf124162b0e116544b7c3741cff39ea8e935314bc26e08d6e02414392fd8bb",
    "https://deno.land/std@0.168.0/node/internal/crypto/types.ts": "51201006692f584f860cad16ce20f48e74c0a4a9d3e26e31fda1b48791033ae1",
    "https://deno.land/std@0.168.0/node/internal/error_codes.ts": "ac03c4eae33de3a69d6c98e8678003207eecf75a6900eb847e3fea3c8c9e6d8f",
    "https://deno.land/std@0.168.0/node/internal/errors.ts": "b9aec7d1fe3eaf21322d0ea9dc2fcb344055d6b0c7a1bd0f62a0c379a5baa799",
    "https://deno.land/std@0.168.0/node/internal/fixed_queue.ts": "455b3c484de48e810b13bdf95cd1658ecb1ba6bcb8b9315ffe994efcde3ba5f5",
    "https://deno.land/std@0.168.0/node/internal/hide_stack_frames.ts": "a91962ec84610bc7ec86022c4593cdf688156a5910c07b5bcd71994225c13a03",
    "https://deno.land/std@0.168.0/node/internal/normalize_encoding.mjs": "3779ec8a7adf5d963b0224f9b85d1bc974a2ec2db0e858396b5d3c2c92138a0a",
    "https://deno.land/std@0.168.0/node/internal/primordials.mjs": "7cf5afe471583e4a384eeea109bdff276b6b7f3a3af830f99f951fb7d57ef423",
    "https://deno.land/std@0.168.0/node/internal/streams/destroy.mjs": "9c9bbeb172a437041d529829f433df72cf0b63ae49f3ee6080a55ffbef7572ad",
    "https://deno.land/std@0.168.0/node/internal/streams/end-of-stream.mjs": "38be76eaceac231dfde643e72bc0940625446bf6d1dbd995c91c5ba9fd59b338",
    "https://deno.land/std@0.168.0/node/internal/streams/utils.mjs": "a0a6b93a7e68ef52bef4ed00b0c82bb7e335abf360af57335b07c6a3fcdde717",
    "https://deno.land/std@0.168.0/node/internal/util.mjs": "35d24fb775468cd24443bcf0ec68904b8aa44e5b53845491a5e3382421917f9a",
    "https://deno.land/std@0.168.0/node/internal/util/inspect.mjs": "1ddace0c97719d2cc0869ba177d375e96051301352ec235cbfb2ecbfcd4e8fba",
    "https://deno.land/std@0.168.0/node/internal/util/types.ts": "5b15a8051a6e58b6c1a424e0e7137b77b0ef60409d54d05db22a97e0d1d5b589",
    "https://deno.land/std@0.168.0/node/internal/validators.mjs": "67deae0f488d013c8bf485742a5478112b8e48837cb2458c4a8b2669cf7017db",
    "https://deno.land/std@0.168.0/node/internal_binding/_libuv_winerror.ts": "801e05c2742ae6cd42a5f0fd555a255a7308a65732551e962e5345f55eedc519",
    "https://deno.land/std@0.168.0/node/internal_binding/_node.ts": "e4075ba8a37aef4eb5b592c8e3807c39cb49ca8653faf8e01a43421938076c1b",
    "https://deno.land/std@0.168.0/node/internal_binding/_utils.ts": "1c50883b5751a9ea1b38951e62ed63bacfdc9d69ea665292edfa28e1b1c5bd94",
    "https://deno.land/std@0.168.0/node/internal_binding/_winerror.ts": "8811d4be66f918c165370b619259c1f35e8c3e458b8539db64c704fbde0a7cd2",
    "https://deno.land/std@0.168.0/node/internal_binding/buffer.ts": "dfba9e1a50b637cfd72e569aa11959dcaf626b898ab7e851d21526a2bdaec588",
    "https://deno.land/std@0.168.0/node/internal_binding/constants.ts": "1ad4de9f76733320527c8bc841b5e4dd5869424924384157a72f3b171bd05b08",
    "https://deno.land/std@0.168.0/node/internal_binding/string_decoder.ts": "5cb1863763d1e9b458bc21d6f976f16d9c18b3b3f57eaf0ade120aee38fba227",
    "https://deno.land/std@0.168.0/node/internal_binding/types.ts": "69000b1b92e0ca999c737f5add38827742b3ca3fe37a2389c80290de0ae6ef01",
    "https://deno.land/std@0.168.0/node/internal_binding/util.ts": "faf5146c3cc3b2d6c26026a818b4a16e91488ab26e63c069f36ba3c3ae24c97b",
    "https://deno.land/std@0.168.0/node/internal_binding/uv.ts": "27922aaec43de314afd99dfca1ce8f4d51ced9f5195e4917b54d387766404f61",
    "https://deno.land/std@0.168.0/node/stream.ts": "2c6d5d207d0ad295f396b34fd03a908c1638beb1754bc9c1fccd9a4cdcace8be",
    "https://deno.land/std@0.168.0/node/string_decoder.ts": "7b6aaf9f98934fa33f89d7183a03858c0d1961870725d4ba39aa7cc137a9e9a1",
    "https://deno.land/std@0.168.0/testing/_diff.ts": "a23e7fc2b4d8daa3e158fa06856bedf5334ce2a2831e8bf9e509717f455adb2c",
    "https://deno.land/std@0.168.0/testing/_format.ts": "cd11136e1797791045e639e9f0f4640d5b4166148796cad37e6ef75f7d7f3832",
    "https://deno.land/std@0.168.0/testing/asserts.ts": "51353e79437361d4b02d8e32f3fc83b22231bc8f8d4c841d86fd32b0b0afe940",
    "https://deno.land/std@0.177.0/_util/asserts.ts": "178dfc49a464aee693a7e285567b3d0b555dc805ff490505a8aae34f9cfb1462",
    "https://deno.land/std@0.177.0/_util/os.ts": "d932f56d41e4f6a6093d56044e29ce637f8dcc43c5a90af43504a889cf1775e3",
    "https://deno.land/std@0.177.0/path/_constants.ts": "e49961f6f4f48039c0dfed3c3f93e963ca3d92791c9d478ac5b43183413136e0",
    "https://deno.land/std@0.177.0/path/_interface.ts": "6471159dfbbc357e03882c2266d21ef9afdb1e4aa771b0545e90db58a0ba314b",
    "https://deno.land/std@0.177.0/path/_util.ts": "d7abb1e0dea065f427b89156e28cdeb32b045870acdf865833ba808a73b576d0",
    "https://deno.land/std@0.177.0/path/common.ts": "ee7505ab01fd22de3963b64e46cff31f40de34f9f8de1fff6a1bd2fe79380000",
    "https://deno.land/std@0.177.0/path/glob.ts": "d479e0a695621c94d3fd7fe7abd4f9499caf32a8de13f25073451c6ef420a4e1",
    "https://deno.land/std@0.177.0/path/mod.ts": "4b83694ac500d7d31b0cdafc927080a53dc0c3027eb2895790fb155082b0d232",
    "https://deno.land/std@0.177.0/path/posix.ts": "8b7c67ac338714b30c816079303d0285dd24af6b284f7ad63da5b27372a2c94d",
    "https://deno.land/std@0.177.0/path/separator.ts": "0fb679739d0d1d7bf45b68dacfb4ec7563597a902edbaf3c59b50d5bcadd93b1",
    "https://deno.land/std@0.177.0/path/win32.ts": "d186344e5583bcbf8b18af416d13d82b35a317116e6460a5a3953508c3de5bba",
    "https://deno.land/x/xml@2.1.0/mod.ts": "4a314a7a28d1ec92f899ce4c6991f0356c77550a75955ec3f4a36733f08548e8",
    "https://deno.land/x/xml@2.1.0/parse.ts": "614b8648345ae93c641368836947484d321c7ac9312ae12ec750434353cd7385",
    "https://deno.land/x/xml@2.1.0/stringify.ts": "930d35431f153b29d36549cff08fcfbe978e52ccb56af1e3baa2e0760f418b04",
    "https://deno.land/x/xml@2.1.0/utils/parser.ts": "d90380a807e083fcad68ee18e63e62b49c2239009c46592ece82dc8df65f4530",
    "https://deno.land/x/xml@2.1.0/utils/stream.ts": "056e2f368d47932d77e431bbc4a8292359171cc9ce881ea31ce0aae30d763e68",
    "https://deno.land/x/xml@2.1.0/utils/streamable.ts": "1603a5f10c859b95d4e9502365a0fba0b19d5d068356e20d5a6813cd37fee780",
    "https://deno.land/x/xml@2.1.0/utils/stringifier.ts": "6c828e8391808c9e5381ff62299984950c903f976f5afc98250f9ee276d08f93",
    "https://deno.land/x/xml@2.1.0/utils/types.ts": "5fc5c558337b8a82016629117e7fa348faec50951c878d14d293843aa5e92e1d",
    "https://esm.sh/v106/ajv-formats@2.1.0": "9d483e96ca74e8e298d20f5a7ac84bc3a1c8a8782a3b363cd84bc6a7ebf7ddb6",
    "https://esm.sh/v106/ajv-formats@2.1.0/deno/ajv-formats.js": "0ec4a4f26c4574793e171c35f057def7c0309533534028f1c5db677416cfa9c8",
    "https://esm.sh/v106/ajv-formats@2.1.0/dist/formats.d.ts": "cef709e74e80f14f7d9dd0d7c10f07f5d52e16f77f584d9f487ae0da9a448c88",
    "https://esm.sh/v106/ajv-formats@2.1.0/dist/index.d.ts": "41d64a2669171702b35d1829d3b24bb115ba6ddcacc72a6e94faebdfeb6f21a7",
    "https://esm.sh/v106/ajv-formats@2.1.0/dist/limit.d.ts": "9b0e545480dbcd39c0af5e0dd8978a83ec532a7c894feb2f6cf7f20841a9a0a4",
    "https://esm.sh/v106/ajv@8.12.0": "594b01900aff1e27d4c419046dd09ac30290281839e784253f53b66f47898108",
    "https://esm.sh/v106/ajv@8.12.0/deno/ajv.js": "23854337afccdad144d7f2f1f165dc7361882a8cd5644e7e56ec311697f80cc6",
    "https://esm.sh/v106/ajv@8.12.0/deno/dist/compile/codegen.js": "d1a4ab82ebd26facc81ea9681ce81990e13852328172d59339bbd1287e4e6b15",
    "https://esm.sh/v106/ajv@8.12.0/deno/dist/compile/codegen/code.js": "4d8cb3c17b1f9e088c954ee9d8d70aceaab7b82c4f07783ae693cccea5348089",
    "https://esm.sh/v106/ajv@8.12.0/deno/dist/compile/codegen/scope.js": "9eeb6d3ef2ecc5135a5bdcbf84b5c61cfa3cffb11e19b749977658ed24cd093f",
    "https://esm.sh/v106/ajv@8.12.0/dist/ajv.d.ts": "e2efa41fff63778572ae1d04dc9d62048684aa8aad6edd0218e562402ea9e0ec",
    "https://esm.sh/v106/ajv@8.12.0/dist/compile/codegen/code.d.ts": "2d225e7bda2871c066a7079c88174340950fb604f624f2586d3ea27bb9e5f4ff",
    "https://esm.sh/v106/ajv@8.12.0/dist/compile/codegen/index.d.ts": "9785e1199bae7389a92831c1f732fa72fc6f34a9c3f8948a5acfc8451e72f833",
    "https://esm.sh/v106/ajv@8.12.0/dist/compile/codegen/scope.d.ts": "4ad65126bd23e1b8fe40f5375b812676694dccc232060a53bff52ac416aef059",
    "https://esm.sh/v106/ajv@8.12.0/dist/compile/errors.d.ts": "65c56e41c3ad2867c1c179e7cb8fd4fcbb4cdaa172e2cc5242fbbfab4be089c0",
    "https://esm.sh/v106/ajv@8.12.0/dist/compile/index.d.ts": "dc63e8445111329e56e443e63cc892632015ddbfa76170e4959b4d876535285e",
    "https://esm.sh/v106/ajv@8.12.0/dist/compile/ref_error.d.ts": "b5e33c3fb8302173827cb3ee68d45c9ff45d2e8ec2a9b347ede1f0b5e00ccdf3",
    "https://esm.sh/v106/ajv@8.12.0/dist/compile/resolve.d.ts": "23d18dca3d3b9b1c85cffc826914219e39db265aa3bd2eb1259cdce013a4a94a",
    "https://esm.sh/v106/ajv@8.12.0/dist/compile/rules.d.ts": "18e085a67ae0ea81f7d4539e8f682f0b9b150b12af9e66f7760a03356aec507f",
    "https://esm.sh/v106/ajv@8.12.0/dist/compile/util.d.ts": "3acaa483c7cf47fc5ced1473b830ec37a8f0d40238f3d96246657c970e13e6c7",
    "https://esm.sh/v106/ajv@8.12.0/dist/compile/validate/dataType.d.ts": "4f56c2ba7307d8d5749dd4b60fadab04dce7d69838e129d04c3837cb397ce5bf",
    "https://esm.sh/v106/ajv@8.12.0/dist/compile/validate/index.d.ts": "3e1bff49fa21ad6c11d06b5074fd623443dbd5db8fed3bd78411232401a0313e",
    "https://esm.sh/v106/ajv@8.12.0/dist/compile/validate/subschema.d.ts": "79ae0a30e9f503b57d8c698e40f1141de1ff05d36dc9b08bc9b3ed6fe1074f9f",
    "https://esm.sh/v106/ajv@8.12.0/dist/core.d.ts": "c0d24ae17225116e4895c1961a957acb2158c3ea3f2164ede7b726fc1112edf7",
    "https://esm.sh/v106/ajv@8.12.0/dist/runtime/validation_error.d.ts": "515ba5900e0017f5512f442a31826d4210ac782b9b6fad6dbfcab61b5f8c881f",
    "https://esm.sh/v106/ajv@8.12.0/dist/types/index.d.ts": "7fdb4bb0d8c9559e391d89e36061ffb02e30b8b7886c246cffeb793937a5f404",
    "https://esm.sh/v106/ajv@8.12.0/dist/types/json-schema.d.ts": "6b6ed4aa017eb6867cef27257379cfe3e16caf628aceae3f0163dbafcaf891ff",
    "https://esm.sh/v106/ajv@8.12.0/dist/types/jtd-schema.d.ts": "25f1159094dc0bf3a71313a74e0885426af21c5d6564a254004f2cadf9c5b052",
    "https://esm.sh/v106/ajv@8.12.0/dist/vocabularies/applicator/additionalItems.d.ts": "810dc8272ea4023b647017ee4ff3ababce2a186c48a1e371e0fb631ed5bf9499",
    "https://esm.sh/v106/ajv@8.12.0/dist/vocabularies/applicator/additionalProperties.d.ts": "93eafd639403aca489d2a2bd26fb89b46a855a271fa3685df23d3f3cfd6c7781",
    "https://esm.sh/v106/ajv@8.12.0/dist/vocabularies/applicator/anyOf.d.ts": "3bcf9e93173ce018235392adf8ac6b9d4173b632d2fbd74e083f58c5e8dda50d",
    "https://esm.sh/v106/ajv@8.12.0/dist/vocabularies/applicator/contains.d.ts": "e271ef23f0eecaa3bc3241429c25694aab4e47d96b8bd564d68e077ca2155251",
    "https://esm.sh/v106/ajv@8.12.0/dist/vocabularies/applicator/dependencies.d.ts": "4da778139fb84dce56f1bb4ef757c17d891a9e3f0f5cff5b835ebde09ac1e956",
    "https://esm.sh/v106/ajv@8.12.0/dist/vocabularies/applicator/if.d.ts": "48955ffe23bd06877c1bbc7f364a9e80f2dae56783fbfb79c16520375c376230",
    "https://esm.sh/v106/ajv@8.12.0/dist/vocabularies/applicator/index.d.ts": "16bea08752cd2ca1eabbeb11ebddd265f4150cf171c1041e11a0501f35a49d4e",
    "https://esm.sh/v106/ajv@8.12.0/dist/vocabularies/applicator/items2020.d.ts": "263fb5e5115873391f99a45bab2e975b0483e8a45da95bdecdbec6760c127aa4",
    "https://esm.sh/v106/ajv@8.12.0/dist/vocabularies/applicator/not.d.ts": "869d7db4971ca299ff238ca0ea8b3d5cd752b449ccb6559790db0c8ad0c5dfbe",
    "https://esm.sh/v106/ajv@8.12.0/dist/vocabularies/applicator/oneOf.d.ts": "385baa5077f5878b7506ec9192fd7ab686f7fda6276b71b877ecc0424c24badb",
    "https://esm.sh/v106/ajv@8.12.0/dist/vocabularies/applicator/propertyNames.d.ts": "2b379d5bc77776abe065fab1e47f84929f6274e0e380c0c1c27a6965e7f4aabc",
    "https://esm.sh/v106/ajv@8.12.0/dist/vocabularies/discriminator/index.d.ts": "d6f1fa129cf004b83f2913b3b3094d510e77b421f87ed6ee69f5f89b493fe91b",
    "https://esm.sh/v106/ajv@8.12.0/dist/vocabularies/discriminator/types.d.ts": "cdcdcd676aa93fb9822b91569f06178c6cdcbb216f6dab289cc193ac99638838",
    "https://esm.sh/v106/ajv@8.12.0/dist/vocabularies/errors.d.ts": "673f52fa2cc7f047ab6f369d12ed82088358174fd58474329d79fa999e3ce635",
    "https://esm.sh/v106/ajv@8.12.0/dist/vocabularies/format/format.d.ts": "1fbffe88e41ab623cdd71ef300206298a6780ed9fd1abfd7d63f1892379c7e9a",
    "https://esm.sh/v106/ajv@8.12.0/dist/vocabularies/unevaluated/unevaluatedItems.d.ts": "8b9b8c5189417cda763245be14d202e1a199091f1b0b3a0f4c957bdb85ffd044",
    "https://esm.sh/v106/ajv@8.12.0/dist/vocabularies/unevaluated/unevaluatedProperties.d.ts": "4e10c976131382776b03ab8cee68e7764c9bf7db1ab9132066bb0d1f640c03fe",
    "https://esm.sh/v106/ajv@8.12.0/dist/vocabularies/validation/const.d.ts": "90985bc6fed39fd595acab2f8f91ce2274b46c9ec7f68d9624d4a677fb206ae8",
    "https://esm.sh/v106/ajv@8.12.0/dist/vocabularies/validation/dependentRequired.d.ts": "632b0af8992f86056e5571fbb148835d582332bb613c4e80fdf6719c501483c5",
    "https://esm.sh/v106/ajv@8.12.0/dist/vocabularies/validation/enum.d.ts": "15663b84b4d935e1a282269a9ac1072c96d9351c941fa959469cd1ba2419b148",
    "https://esm.sh/v106/ajv@8.12.0/dist/vocabularies/validation/index.d.ts": "d05ad2c8e4613c06e314105aaa7b43caa7a373e5f2671c51053bc9160803fbd5",
    "https://esm.sh/v106/ajv@8.12.0/dist/vocabularies/validation/limitNumber.d.ts": "3b4220c15eacf28d3732f9df3a2ad0908b9a388dc9d13c35311233f11c28dd36",
    "https://esm.sh/v106/ajv@8.12.0/dist/vocabularies/validation/multipleOf.d.ts": "a62b50d44d9c8d0e26b3b42eb90fe87ad1fad683122aa076e6f8d30fb056ad5f",
    "https://esm.sh/v106/ajv@8.12.0/dist/vocabularies/validation/pattern.d.ts": "bc7f68367bbd6bdf9ed47aae8590770c7ec7ad6d44c0de11df696162038224b1",
    "https://esm.sh/v106/ajv@8.12.0/dist/vocabularies/validation/required.d.ts": "7a14df7f7a58dd22ca4ca449f39cc0168eec566c95d9d7950e5b91da50bf4415",
    "https://esm.sh/v106/ajv@8.12.0/dist/vocabularies/validation/uniqueItems.d.ts": "9a9056c3705215ba3289f7ad913e92babeca6e53091aa8095ee85e66ee2bd089",
    "https://esm.sh/v106/fast-deep-equal@3.1.3/deno/fast-deep-equal.js": "4695b025e9a792678087d71f58e1fa07e8021b636d22fda8c0320fcff65a3c47",
    "https://esm.sh/v106/json-schema-traverse@1.0.0/deno/json-schema-traverse.js": "ff987aaea4950aa9c4eea3ca19c9ec2b3229434e22e711415aa77fb513689a9c",
    "https://esm.sh/v106/uri-js@4.4.1/deno/uri-js.js": "cb0fe68d76c29d62c7b79baf964e1b1c6623039faae892514776f0680711fc3e",
    "https://esm.sh/v106/uri-js@4.4.1/dist/es5/uri.all.d.ts": "9f3c5498245c38c9016a369795ec5ef1768d09db63643c8dba9656e5ab294825"
  },
  "npm": {
    "specifiers": {
      "littoral-templates@0.2.2": "littoral-templates@0.2.2",
      "nanoid@4.0.0": "nanoid@4.0.0"
    },
    "packages": {
      "littoral-templates@0.2.2": {
        "integrity": "sha512-zap1WAedVwSaQh8Ak1al3BBByvR1XmZ5QSQrpVq5XKvMw113ng36SlYX3KRRChaccDCbLM5BugDu7DNaUuBgtg==",
        "dependencies": {}
      },
      "nanoid@4.0.0": {
        "integrity": "sha512-IgBP8piMxe/gf73RTQx7hmnhwz0aaEXYakvqZyE302IXW3HyVNhdNGC+O2MwMAVhLEnvXlvKtGbtJf6wvHihCg==",
        "dependencies": {}
      }
    }
  }
}
