{
  "name": "@lionweb/cli",
  "version": "0.1.0-beta.0",
  "lockfileVersion": 3,
  "requires": true,
  "packages": {
    "": {
      "name": "@lionweb/cli",
      "version": "0.1.0-beta.0",
      "license": "MIT",
      "devDependencies": {
        "@lionweb/core": "0.5.0-beta.0",
        "@lionweb/utilities": "0.1.0-beta.0",
        "@types/node": "^20.6.3",
        "typescript": "^5.2.2"
      }
    },
    "../core": {
      "name": "@lionweb/core",
      "version": "0.5.0-beta.0",
      "dev": true,
      "license": "MIT",
      "devDependencies": {
        "typescript": "^5.2.2"
      }
    },
    "../utilities": {
      "name": "@lionweb/utilities",
      "version": "0.1.0-beta.0",
      "dev": true,
      "license": "MIT",
      "dependencies": {
        "@lionweb/core": "0.5.0-beta.0",
        "littoral-templates": "^0.2.2",
        "nanoid": "^4.0.2"
      },
      "devDependencies": {
        "@types/node": "^20.6.0",
        "typescript": "^5.2.2"
      }
    },
    "node_modules/@lionweb/core": {
      "resolved": "../core",
      "link": true
    },
    "node_modules/@lionweb/utilities": {
      "resolved": "../utilities",
      "link": true
    },
    "node_modules/@types/node": {
      "version": "20.6.3",
      "resolved": "https://registry.npmjs.org/@types/node/-/node-20.6.3.tgz",
      "integrity": "sha512-HksnYH4Ljr4VQgEy2lTStbCKv/P590tmPe5HqOnv9Gprffgv5WXAY+Y5Gqniu0GGqeTCUdBnzC3QSrzPkBkAMA==",
      "dev": true
    },
    "node_modules/typescript": {
      "version": "5.2.2",
      "resolved": "https://registry.npmjs.org/typescript/-/typescript-5.2.2.tgz",
      "integrity": "sha512-mI4WrpHsbCIcwT9cF4FZvr80QUeKvsUsUvKDoR+X/7XHQH98xYD8YHZg7ANtz2GtZt/CBq2QJ0thkGJMHfqc1w==",
      "dev": true,
      "bin": {
        "tsc": "bin/tsc",
        "tsserver": "bin/tsserver"
      },
      "engines": {
        "node": ">=14.17"
      }
    }
  }
}
